version = 1
revision = 2
requires-python = "==3.12.*"

[[package]]
name = "blinker"
version = "1.9.0"
source = { registry = "https://pypi.org/simple" }
sdist = { url = "https://files.pythonhosted.org/packages/21/28/9b3f50ce0e048515135495f198351908d99540d69bfdc8c1d15b73dc55ce/blinker-1.9.0.tar.gz", hash = "sha256:b4ce2265a7abece45e7cc896e98dbebe6cead56bcf805a3d23136d145f5445bf", size = 22460, upload-time = "2024-11-08T17:25:47.436Z" }
wheels = [
    { url = "https://files.pythonhosted.org/packages/10/cb/f2ad4230dc2eb1a74edf38f1a38b9b52277f75bef262d8908e60d957e13c/blinker-1.9.0-py3-none-any.whl", hash = "sha256:ba0efaa9080b619ff2f3459d1d500c57bddea4a6b424b60a91141db6fd2f08bc", size = 8458, upload-time = "2024-11-08T17:25:46.184Z" },
]

[[package]]
name = "click"
version = "8.2.1"
source = { registry = "https://pypi.org/simple" }
dependencies = [
    { name = "colorama", marker = "sys_platform == 'win32'" },
]
sdist = { url = "https://files.pythonhosted.org/packages/60/6c/8ca2efa64cf75a977a0d7fac081354553ebe483345c734fb6b6515d96bbc/click-8.2.1.tar.gz", hash = "sha256:27c491cc05d968d271d5a1db13e3b5a184636d9d930f148c50b038f0d0646202", size = 286342, upload-time = "2025-05-20T23:19:49.832Z" }
wheels = [
    { url = "https://files.pythonhosted.org/packages/85/32/10bb5764d90a8eee674e9dc6f4db6a0ab47c8c4d0d83c27f7c39ac415a4d/click-8.2.1-py3-none-any.whl", hash = "sha256:61a3265b914e850b85317d0b3109c7f8cd35a670f963866005d6ef1d5175a12b", size = 102215, upload-time = "2025-05-20T23:19:47.796Z" },
]

[[package]]
name = "colorama"
version = "0.4.6"
source = { registry = "https://pypi.org/simple" }
sdist = { url = "https://files.pythonhosted.org/packages/d8/53/6f443c9a4a8358a93a6792e2acffb9d9d5cb0a5cfd8802644b7b1c9a02e4/colorama-0.4.6.tar.gz", hash = "sha256:08695f5cb7ed6e0531a20572697297273c47b8cae5a63ffc6d6ed5c201be6e44", size = 27697, upload-time = "2022-10-25T02:36:22.414Z" }
wheels = [
    { url = "https://files.pythonhosted.org/packages/d1/d6/3965ed04c63042e047cb6a3e6ed1a63a35087b6a609aa3a15ed8ac56c221/colorama-0.4.6-py2.py3-none-any.whl", hash = "sha256:4f1d9991f5acc0ca119f9d443620b77f9d6b33703e51011c16baf57afb285fc6", size = 25335, upload-time = "2022-10-25T02:36:20.889Z" },
]

[[package]]
name = "day-68-flask-auth"
version = "0.1.0"
source = { editable = "." }
dependencies = [
    { name = "flask" },
    { name = "flask-login" },
    { name = "flask-sqlalchemy" },
    { name = "sqlalchemy" },
    { name = "werkzeug" },
]

[package.metadata]
requires-dist = [
    { name = "flask", specifier = "==3.0.0" },
    { name = "flask-login", specifier = "==0.6.3" },
    { name = "flask-sqlalchemy", specifier = "==3.1.1" },
    { name = "sqlalchemy", specifier = "==2.0.32" },
    { name = "werkzeug", specifier = "==3.0.3" },
]

[[package]]
name = "flask"
version = "3.0.0"
source = { registry = "https://pypi.org/simple" }
dependencies = [
    { name = "blinker" },
    { name = "click" },
    { name = "itsdangerous" },
    { name = "jinja2" },
    { name = "werkzeug" },
]
sdist = { url = "https://files.pythonhosted.org/packages/d8/09/c1a7354d3925a3c6c8cfdebf4245bae67d633ffda1ba415add06ffc839c5/flask-3.0.0.tar.gz", hash = "sha256:cfadcdb638b609361d29ec22360d6070a77d7463dcb3ab08d2c2f2f168845f58", size = 674171, upload-time = "2023-09-30T14:36:12.918Z" }
wheels = [
    { url = "https://files.pythonhosted.org/packages/36/42/015c23096649b908c809c69388a805a571a3bea44362fe87e33fc3afa01f/flask-3.0.0-py3-none-any.whl", hash = "sha256:21128f47e4e3b9d597a3e8521a329bf56909b690fcc3fa3e477725aa81367638", size = 99724, upload-time = "2023-09-30T14:36:10.961Z" },
]

[[package]]
name = "flask-login"
version = "0.6.3"
source = { registry = "https://pypi.org/simple" }
dependencies = [
    { name = "flask" },
    { name = "werkzeug" },
]
sdist = { url = "https://files.pythonhosted.org/packages/c3/6e/2f4e13e373bb49e68c02c51ceadd22d172715a06716f9299d9df01b6ddb2/Flask-Login-0.6.3.tar.gz", hash = "sha256:5e23d14a607ef12806c699590b89d0f0e0d67baeec599d75947bf9c147330333", size = 48834, upload-time = "2023-10-30T14:53:21.151Z" }
wheels = [
    { url = "https://files.pythonhosted.org/packages/59/f5/67e9cc5c2036f58115f9fe0f00d203cf6780c3ff8ae0e705e7a9d9e8ff9e/Flask_Login-0.6.3-py3-none-any.whl", hash = "sha256:849b25b82a436bf830a054e74214074af59097171562ab10bfa999e6b78aae5d", size = 17303, upload-time = "2023-10-30T14:53:19.636Z" },
]

[[package]]
name = "flask-sqlalchemy"
version = "3.1.1"
source = { registry = "https://pypi.org/simple" }
dependencies = [
    { name = "flask" },
    { name = "sqlalchemy" },
]
sdist = { url = "https://files.pythonhosted.org/packages/91/53/b0a9fcc1b1297f51e68b69ed3b7c3c40d8c45be1391d77ae198712914392/flask_sqlalchemy-3.1.1.tar.gz", hash = "sha256:e4b68bb881802dda1a7d878b2fc84c06d1ee57fb40b874d3dc97dabfa36b8312", size = 81899, upload-time = "2023-09-11T21:42:36.147Z" }
wheels = [
    { url = "https://files.pythonhosted.org/packages/1d/6a/89963a5c6ecf166e8be29e0d1bf6806051ee8fe6c82e232842e3aeac9204/flask_sqlalchemy-3.1.1-py3-none-any.whl", hash = "sha256:4ba4be7f419dc72f4efd8802d69974803c37259dd42f3913b0dcf75c9447e0a0", size = 25125, upload-time = "2023-09-11T21:42:34.514Z" },
]

[[package]]
name = "greenlet"
version = "3.2.4"
source = { registry = "https://pypi.org/simple" }
sdist = { url = "https://files.pythonhosted.org/packages/03/b8/704d753a5a45507a7aab61f18db9509302ed3d0a27ac7e0359ec2905b1a6/greenlet-3.2.4.tar.gz", hash = "sha256:0dca0d95ff849f9a364385f36ab49f50065d76964944638be9691e1832e9f86d", size = 188260, upload-time = "2025-08-07T13:24:33.51Z" }
wheels = [
    { url = "https://files.pythonhosted.org/packages/44/69/9b804adb5fd0671f367781560eb5eb586c4d495277c93bde4307b9e28068/greenlet-3.2.4-cp312-cp312-macosx_11_0_universal2.whl", hash = "sha256:3b67ca49f54cede0186854a008109d6ee71f66bd57bb36abd6d0a0267b540cdd", size = 274079, upload-time = "2025-08-07T13:15:45.033Z" },
    { url = "https://files.pythonhosted.org/packages/46/e9/d2a80c99f19a153eff70bc451ab78615583b8dac0754cfb942223d2c1a0d/greenlet-3.2.4-cp312-cp312-manylinux2014_aarch64.manylinux_2_17_aarch64.whl", hash = "sha256:ddf9164e7a5b08e9d22511526865780a576f19ddd00d62f8a665949327fde8bb", size = 640997, upload-time = "2025-08-07T13:42:56.234Z" },
    { url = "https://files.pythonhosted.org/packages/3b/16/035dcfcc48715ccd345f3a93183267167cdd162ad123cd93067d86f27ce4/greenlet-3.2.4-cp312-cp312-manylinux2014_ppc64le.manylinux_2_17_ppc64le.whl", hash = "sha256:f28588772bb5fb869a8eb331374ec06f24a83a9c25bfa1f38b6993afe9c1e968", size = 655185, upload-time = "2025-08-07T13:45:27.624Z" },
    { url = "https://files.pythonhosted.org/packages/31/da/0386695eef69ffae1ad726881571dfe28b41970173947e7c558d9998de0f/greenlet-3.2.4-cp312-cp312-manylinux2014_s390x.manylinux_2_17_s390x.whl", hash = "sha256:5c9320971821a7cb77cfab8d956fa8e39cd07ca44b6070db358ceb7f8797c8c9", size = 649926, upload-time = "2025-08-07T13:53:15.251Z" },
    { url = "https://files.pythonhosted.org/packages/68/88/69bf19fd4dc19981928ceacbc5fd4bb6bc2215d53199e367832e98d1d8fe/greenlet-3.2.4-cp312-cp312-manylinux2014_x86_64.manylinux_2_17_x86_64.whl", hash = "sha256:c60a6d84229b271d44b70fb6e5fa23781abb5d742af7b808ae3f6efd7c9c60f6", size = 651839, upload-time = "2025-08-07T13:18:30.281Z" },
    { url = "https://files.pythonhosted.org/packages/19/0d/6660d55f7373b2ff8152401a83e02084956da23ae58cddbfb0b330978fe9/greenlet-3.2.4-cp312-cp312-manylinux_2_24_x86_64.manylinux_2_28_x86_64.whl", hash = "sha256:3b3812d8d0c9579967815af437d96623f45c0f2ae5f04e366de62a12d83a8fb0", size = 607586, upload-time = "2025-08-07T13:18:28.544Z" },
    { url = "https://files.pythonhosted.org/packages/8e/1a/c953fdedd22d81ee4629afbb38d2f9d71e37d23caace44775a3a969147d4/greenlet-3.2.4-cp312-cp312-musllinux_1_1_aarch64.whl", hash = "sha256:abbf57b5a870d30c4675928c37278493044d7c14378350b3aa5d484fa65575f0", size = 1123281, upload-time = "2025-08-07T13:42:39.858Z" },
    { url = "https://files.pythonhosted.org/packages/3f/c7/12381b18e21aef2c6bd3a636da1088b888b97b7a0362fac2e4de92405f97/greenlet-3.2.4-cp312-cp312-musllinux_1_1_x86_64.whl", hash = "sha256:20fb936b4652b6e307b8f347665e2c615540d4b42b3b4c8a321d8286da7e520f", size = 1151142, upload-time = "2025-08-07T13:18:22.981Z" },
    { url = "https://files.pythonhosted.org/packages/e9/08/b0814846b79399e585f974bbeebf5580fbe59e258ea7be64d9dfb253c84f/greenlet-3.2.4-cp312-cp312-win_amd64.whl", hash = "sha256:a7d4e128405eea3814a12cc2605e0e6aedb4035bf32697f72deca74de4105e02", size = 299899, upload-time = "2025-08-07T13:38:53.448Z" },
]

[[package]]
name = "itsdangerous"
version = "2.2.0"
source = { registry = "https://pypi.org/simple" }
sdist = { url = "https://files.pythonhosted.org/packages/9c/cb/8ac0172223afbccb63986cc25049b154ecfb5e85932587206f42317be31d/itsdangerous-2.2.0.tar.gz", hash = "sha256:e0050c0b7da1eea53ffaf149c0cfbb5c6e2e2b69c4bef22c81fa6eb73e5f6173", size = 54410, upload-time = "2024-04-16T21:28:15.614Z" }
wheels = [
    { url = "https://files.pythonhosted.org/packages/04/96/92447566d16df59b2a776c0fb82dbc4d9e07cd95062562af01e408583fc4/itsdangerous-2.2.0-py3-none-any.whl", hash = "sha256:c6242fc49e35958c8b15141343aa660db5fc54d4f13a1db01a3f5891b98700ef", size = 16234, upload-time = "2024-04-16T21:28:14.499Z" },
]

[[package]]
name = "jinja2"
version = "3.1.6"
source = { registry = "https://pypi.org/simple" }
dependencies = [
    { name = "markupsafe" },
]
sdist = { url = "https://files.pythonhosted.org/packages/df/bf/f7da0350254c0ed7c72f3e33cef02e048281fec7ecec5f032d4aac52226b/jinja2-3.1.6.tar.gz", hash = "sha256:0137fb05990d35f1275a587e9aee6d56da821fc83491a0fb838183be43f66d6d", size = 245115, upload-time = "2025-03-05T20:05:02.478Z" }
wheels = [
    { url = "https://files.pythonhosted.org/packages/62/a1/3d680cbfd5f4b8f15abc1d571870c5fc3e594bb582bc3b64ea099db13e56/jinja2-3.1.6-py3-none-any.whl", hash = "sha256:85ece4451f492d0c13c5dd7c13a64681a86afae63a5f347908daf103ce6d2f67", size = 134899, upload-time = "2025-03-05T20:05:00.369Z" },
]

[[package]]
name = "markupsafe"
version = "3.0.2"
source = { registry = "https://pypi.org/simple" }
sdist = { url = "https://files.pythonhosted.org/packages/b2/97/5d42485e71dfc078108a86d6de8fa46db44a1a9295e89c5d6d4a06e23a62/markupsafe-3.0.2.tar.gz", hash = "sha256:ee55d3edf80167e48ea11a923c7386f4669df67d7994554387f84e7d8b0a2bf0", size = 20537, upload-time = "2024-10-18T15:21:54.129Z" }
wheels = [
    { url = "https://files.pythonhosted.org/packages/22/09/d1f21434c97fc42f09d290cbb6350d44eb12f09cc62c9476effdb33a18aa/MarkupSafe-3.0.2-cp312-cp312-macosx_10_13_universal2.whl", hash = "sha256:9778bd8ab0a994ebf6f84c2b949e65736d5575320a17ae8984a77fab08db94cf", size = 14274, upload-time = "2024-10-18T15:21:13.777Z" },
    { url = "https://files.pythonhosted.org/packages/6b/b0/18f76bba336fa5aecf79d45dcd6c806c280ec44538b3c13671d49099fdd0/MarkupSafe-3.0.2-cp312-cp312-macosx_11_0_arm64.whl", hash = "sha256:846ade7b71e3536c4e56b386c2a47adf5741d2d8b94ec9dc3e92e5e1ee1e2225", size = 12348, upload-time = "2024-10-18T15:21:14.822Z" },
    { url = "https://files.pythonhosted.org/packages/e0/25/dd5c0f6ac1311e9b40f4af06c78efde0f3b5cbf02502f8ef9501294c425b/MarkupSafe-3.0.2-cp312-cp312-manylinux_2_17_aarch64.manylinux2014_aarch64.whl", hash = "sha256:1c99d261bd2d5f6b59325c92c73df481e05e57f19837bdca8413b9eac4bd8028", size = 24149, upload-time = "2024-10-18T15:21:15.642Z" },
    { url = "https://files.pythonhosted.org/packages/f3/f0/89e7aadfb3749d0f52234a0c8c7867877876e0a20b60e2188e9850794c17/MarkupSafe-3.0.2-cp312-cp312-manylinux_2_17_x86_64.manylinux2014_x86_64.whl", hash = "sha256:e17c96c14e19278594aa4841ec148115f9c7615a47382ecb6b82bd8fea3ab0c8", size = 23118, upload-time = "2024-10-18T15:21:17.133Z" },
    { url = "https://files.pythonhosted.org/packages/d5/da/f2eeb64c723f5e3777bc081da884b414671982008c47dcc1873d81f625b6/MarkupSafe-3.0.2-cp312-cp312-manylinux_2_5_i686.manylinux1_i686.manylinux_2_17_i686.manylinux2014_i686.whl", hash = "sha256:88416bd1e65dcea10bc7569faacb2c20ce071dd1f87539ca2ab364bf6231393c", size = 22993, upload-time = "2024-10-18T15:21:18.064Z" },
    { url = "https://files.pythonhosted.org/packages/da/0e/1f32af846df486dce7c227fe0f2398dc7e2e51d4a370508281f3c1c5cddc/MarkupSafe-3.0.2-cp312-cp312-musllinux_1_2_aarch64.whl", hash = "sha256:2181e67807fc2fa785d0592dc2d6206c019b9502410671cc905d132a92866557", size = 24178, upload-time = "2024-10-18T15:21:18.859Z" },
    { url = "https://files.pythonhosted.org/packages/c4/f6/bb3ca0532de8086cbff5f06d137064c8410d10779c4c127e0e47d17c0b71/MarkupSafe-3.0.2-cp312-cp312-musllinux_1_2_i686.whl", hash = "sha256:52305740fe773d09cffb16f8ed0427942901f00adedac82ec8b67752f58a1b22", size = 23319, upload-time = "2024-10-18T15:21:19.671Z" },
    { url = "https://files.pythonhosted.org/packages/a2/82/8be4c96ffee03c5b4a034e60a31294daf481e12c7c43ab8e34a1453ee48b/MarkupSafe-3.0.2-cp312-cp312-musllinux_1_2_x86_64.whl", hash = "sha256:ad10d3ded218f1039f11a75f8091880239651b52e9bb592ca27de44eed242a48", size = 23352, upload-time = "2024-10-18T15:21:20.971Z" },
    { url = "https://files.pythonhosted.org/packages/51/ae/97827349d3fcffee7e184bdf7f41cd6b88d9919c80f0263ba7acd1bbcb18/MarkupSafe-3.0.2-cp312-cp312-win32.whl", hash = "sha256:0f4ca02bea9a23221c0182836703cbf8930c5e9454bacce27e767509fa286a30", size = 15097, upload-time = "2024-10-18T15:21:22.646Z" },
    { url = "https://files.pythonhosted.org/packages/c1/80/a61f99dc3a936413c3ee4e1eecac96c0da5ed07ad56fd975f1a9da5bc630/MarkupSafe-3.0.2-cp312-cp312-win_amd64.whl", hash = "sha256:8e06879fc22a25ca47312fbe7c8264eb0b662f6db27cb2d3bbbc74b1df4b9b87", size = 15601, upload-time = "2024-10-18T15:21:23.499Z" },
]

[[package]]
name = "sqlalchemy"
version = "2.0.32"
source = { registry = "https://pypi.org/simple" }
dependencies = [
    { name = "greenlet", marker = "platform_machine == 'AMD64' or platform_machine == 'WIN32' or platform_machine == 'aarch64' or platform_machine == 'amd64' or platform_machine == 'ppc64le' or platform_machine == 'win32' or platform_machine == 'x86_64'" },
    { name = "typing-extensions" },
]
sdist = { url = "https://files.pythonhosted.org/packages/af/6f/967e987683908af816aa3072c1a6997ac9933cf38d66b0474fb03f253323/SQLAlchemy-2.0.32.tar.gz", hash = "sha256:c1b88cc8b02b6a5f0efb0345a03672d4c897dc7d92585176f88c67346f565ea8", size = 9546691, upload-time = "2024-08-05T19:08:39.553Z" }
wheels = [
    { url = "https://files.pythonhosted.org/packages/06/95/88beb07aa61c611829c9ce950f349adcf00065c1bb313090c20d80a520ca/SQLAlchemy-2.0.32-cp312-cp312-macosx_10_9_x86_64.whl", hash = "sha256:6bab3db192a0c35e3c9d1560eb8332463e29e5507dbd822e29a0a3c48c0a8d92", size = 2087267, upload-time = "2024-08-05T21:05:30.4Z" },
    { url = "https://files.pythonhosted.org/packages/11/93/0b28f9d261af927eef3df472e5bbf144fb33e062de770b2c312bb516702b/SQLAlchemy-2.0.32-cp312-cp312-macosx_11_0_arm64.whl", hash = "sha256:19d98f4f58b13900d8dec4ed09dd09ef292208ee44cc9c2fe01c1f0a2fe440e9", size = 2077732, upload-time = "2024-08-05T21:05:33.511Z" },
    { url = "https://files.pythonhosted.org/packages/84/50/1ce1dec4b1cce8f1163c2c58bb1588ac5076c3dbc4bb1d3eab70e798fdd4/SQLAlchemy-2.0.32-cp312-cp312-manylinux_2_17_aarch64.manylinux2014_aarch64.whl", hash = "sha256:3cd33c61513cb1b7371fd40cf221256456d26a56284e7d19d1f0b9f1eb7dd7e8", size = 3227230, upload-time = "2024-08-05T20:55:28.875Z" },
    { url = "https://files.pythonhosted.org/packages/9d/b8/aa822988d390cf06afa3c69d86a3a38bba79b51385207cd7cd99d0be17bb/SQLAlchemy-2.0.32-cp312-cp312-manylinux_2_17_x86_64.manylinux2014_x86_64.whl", hash = "sha256:7d6ba0497c1d066dd004e0f02a92426ca2df20fac08728d03f67f6960271feec", size = 3238118, upload-time = "2024-08-05T19:28:22.337Z" },
    { url = "https://files.pythonhosted.org/packages/c3/d7/7a65172ed2713acf0262a65392dfcf05ca2b7a67c988ebad425eba9b3843/SQLAlchemy-2.0.32-cp312-cp312-musllinux_1_2_aarch64.whl", hash = "sha256:2b6be53e4fde0065524f1a0a7929b10e9280987b320716c1509478b712a7688c", size = 3173610, upload-time = "2024-08-05T20:55:36.184Z" },
    { url = "https://files.pythonhosted.org/packages/a9/0f/8da0613e3f0b095ef423802943ed4b98242370736034ed5043a43c46c3d4/SQLAlchemy-2.0.32-cp312-cp312-musllinux_1_2_x86_64.whl", hash = "sha256:916a798f62f410c0b80b63683c8061f5ebe237b0f4ad778739304253353bc1cb", size = 3200224, upload-time = "2024-08-05T19:28:27.022Z" },
    { url = "https://files.pythonhosted.org/packages/50/ef/973e0bbf2be5c12e34dca92139ca100f51ba078e36c3c06fd1dc8480c209/SQLAlchemy-2.0.32-cp312-cp312-win32.whl", hash = "sha256:31983018b74908ebc6c996a16ad3690301a23befb643093fcfe85efd292e384d", size = 2057626, upload-time = "2024-08-05T19:28:13.116Z" },
    { url = "https://files.pythonhosted.org/packages/db/5f/440c324aae82a2ce892ac0fe1d114b9dc9f04e934e8f0762574876a168b5/SQLAlchemy-2.0.32-cp312-cp312-win_amd64.whl", hash = "sha256:4363ed245a6231f2e2957cccdda3c776265a75851f4753c60f3004b90e69bfeb", size = 2083167, upload-time = "2024-08-05T19:28:18.926Z" },
    { url = "https://files.pythonhosted.org/packages/99/1b/045185a9f6481d926a451aafaa0d07c98f19ac7abe730dff9630c9ead4fa/SQLAlchemy-2.0.32-py3-none-any.whl", hash = "sha256:e567a8793a692451f706b363ccf3c45e056b67d90ead58c3bc9471af5d212202", size = 1878765, upload-time = "2024-08-05T19:40:44.304Z" },
]

[[package]]
name = "typing-extensions"
version = "4.14.1"
source = { registry = "https://pypi.org/simple" }
sdist = { url = "https://files.pythonhosted.org/packages/98/5a/da40306b885cc8c09109dc2e1abd358d5684b1425678151cdaed4731c822/typing_extensions-4.14.1.tar.gz", hash = "sha256:38b39f4aeeab64884ce9f74c94263ef78f3c22467c8724005483154c26648d36", size = 107673, upload-time = "2025-07-04T13:28:34.16Z" }
wheels = [
    { url = "https://files.pythonhosted.org/packages/b5/00/d631e67a838026495268c2f6884f3711a15a9a2a96cd244fdaea53b823fb/typing_extensions-4.14.1-py3-none-any.whl", hash = "sha256:d1e1e3b58374dc93031d6eda2420a48ea44a36c2b4766a4fdeb3710755731d76", size = 43906, upload-time = "2025-07-04T13:28:32.743Z" },
]

[[package]]
name = "werkzeug"
version = "3.0.3"
source = { registry = "https://pypi.org/simple" }
dependencies = [
    { name = "markupsafe" },
]
sdist = { url = "https://files.pythonhosted.org/packages/02/51/2e0fc149e7a810d300422ab543f87f2bcf64d985eb6f1228c4efd6e4f8d4/werkzeug-3.0.3.tar.gz", hash = "sha256:097e5bfda9f0aba8da6b8545146def481d06aa7d3266e7448e2cccf67dd8bd18", size = 803342, upload-time = "2024-05-05T23:10:31.999Z" }
wheels = [
    { url = "https://files.pythonhosted.org/packages/9d/6e/e792999e816d19d7fcbfa94c730936750036d65656a76a5a688b57a656c4/werkzeug-3.0.3-py3-none-any.whl", hash = "sha256:fc9645dc43e03e4d630d23143a04a7f947a9a3b5727cd535fdfe155a17cc48c8", size = 227274, upload-time = "2024-05-05T23:10:29.567Z" },
]
